
Microsoft Visual Studio Solution File, Format Version 12.00
# Visual Studio Version 16
VisualStudioVersion = 16.0.30413.136
MinimumVisualStudioVersion = 10.0.40219.1
Project("{FAE04EC0-301F-11D3-BF4B-00C04F79EFBC}") = "Asymmetric-sender", "Asymmetric-sender\Asymmetric-sender.csproj", "{FAFCBAFB-6633-4260-86FF-F696B97DA931}"
EndProject
Global
	GlobalSection(SolutionConfigurationPlatforms) = preSolution
		Debug|Any CPU = Debug|Any CPU
		Release|Any CPU = Release|Any CPU
	EndGlobalSection
	GlobalSection(ProjectConfigurationPlatforms) = postSolution
		{FAFCBAFB-6633-4260-86FF-F696B97DA931}.Debug|Any CPU.ActiveCfg = Debug|Any CPU
		{FAFCBAFB-6633-4260-86FF-F696B97DA931}.Debug|Any CPU.Build.0 = Debug|Any CPU
		{FAFCBAFB-6633-4260-86FF-F696B97DA931}.Release|Any CPU.ActiveCfg = Release|Any CPU
		{FAFCBAFB-6633-4260-86FF-F696B97DA931}.Release|Any CPU.Build.0 = Release|Any CPU
	EndGlobalSection
	GlobalSection(SolutionProperties) = preSolution
		HideSolutionNode = FALSE
	EndGlobalSection
	GlobalSection(ExtensibilityGlobals) = postSolution
		SolutionGuid = {7D62A96E-EF13-4CF7-B869-EFEEF7DD6D40}
	EndGlobalSection
EndGlobal
